{
  "name": "tentaciones-ai-commerce",
  "version": "1.8.1",
  "lockfileVersion": 3,
  "requires": true,
  "packages": {
    "": {
      "name": "tentaciones-ai-commerce",
      "version": "1.8.1",
      "license": "Apache-2.0",
      "devDependencies": {
        "@types/node": "^22.0.0",
        "typescript": "^5.8.0"
      }
    },
    "node_modules/@types/node": {
      "version": "22.13.10",
      "resolved": "https://registry.npmjs.org/@types/node/-/node-22.13.10.tgz",
      "integrity": "sha512-AG4lnH4SfrfvjhupnCrNWZeXO3O5mn04wvd1ffvEOB211/N1/1/Z3YdYkdN0q1zU59Qe5KkR0T1e3a6sZfQ==",
      "dev": true,
      "dependencies": {
        "undici-types": "~6.20.0"
      }
    },
    "node_modules/typescript": {
      "version": "5.8.2",
      "resolved": "https://registry.npmjs.org/typescript/-/typescript-5.8.2.tgz",
      "integrity": "sha512-aJn6zaHwtllAIMW1aI+cFXQUd1Ygk49CCT56xPjqUCJ77AE45UiA42n2KrPXfR02cq6F97FMlECEvqcv4vDcg==",
      "dev": true,
      "bin": {
        "tsc": "bin/tsc",
        "tsserver": "bin/tsserver"
      },
      "engines": {
        "node": ">=14.17"
      }
    },
    "node_modules/undici-types": {
      "version": "6.20.0",
      "resolved": "https://registry.npmjs.org/undici-types/-/undici-types-6.20.0.tgz",
      "integrity": "sha512-Kfd+ED+bte8EIOOzUcn4b5+DH2nN8h88rD4n/6N33N4yP5c8/mK8wR6lD5zU/1K+X1w1J8i09yT+e0Tz3Z1A==",
      "dev": true
    }
  }
}
